
Microsoft Visual Studio Solution File, Format Version 12.00
# Visual Studio Version 16
VisualStudioVersion = 16.0.30717.126
MinimumVisualStudioVersion = 10.0.40219.1
Project("{FAE04EC0-301F-11D3-BF4B-00C04F79EFBC}") = "BethanysPieShop", "BethanysPieShop\BethanysPieShop.csproj", "{1F2D53B2-3650-4667-A400-93B00AECE5A4}"
EndProject
Global
	GlobalSection(SolutionConfigurationPlatforms) = preSolution
		Debug|Any CPU = Debug|Any CPU
		Release|Any CPU = Release|Any CPU
	EndGlobalSection
	GlobalSection(ProjectConfigurationPlatforms) = postSolution
		{1F2D53B2-3650-4667-A400-93B00AECE5A4}.Debug|Any CPU.ActiveCfg = Debug|Any CPU
		{1F2D53B2-3650-4667-A400-93B00AECE5A4}.Debug|Any CPU.Build.0 = Debug|Any CPU
		{1F2D53B2-3650-4667-A400-93B00AECE5A4}.Release|Any CPU.ActiveCfg = Release|Any CPU
		{1F2D53B2-3650-4667-A400-93B00AECE5A4}.Release|Any CPU.Build.0 = Release|Any CPU
	EndGlobalSection
	GlobalSection(SolutionProperties) = preSolution
		HideSolutionNode = FALSE
	EndGlobalSection
	GlobalSection(ExtensibilityGlobals) = postSolution
		SolutionGuid = {C3765464-053A-4664-B79F-BCC6112D68F4}
	EndGlobalSection
EndGlobal
